# This file is autogenerated, do not edit; changes may be undone by the next 'dep ensure'.


[[projects]]
  name = "github.com/aws/aws-lambda-go"
  packages = [
    "events",
    "lambda",
    "lambda/messages",
    "lambdacontext"
  ]
  revision = "4d30d0ff60440c2d0480a15747c96ee71c3c53d4"
  version = "v1.2.0"

[[projects]]
  branch = "master"
  name = "github.com/bluele/slack"
  packages = ["."]
  revision = "b4b4d354a079fbf4bd948faad01b32cecb2ffe03"

[solve-meta]
  analyzer-name = "dep"
  analyzer-version = 1
  inputs-digest = "44de274f3178af8abf074a282a970e8a3167a5af3e14845b377116a61bb70d11"
  solver-name = "gps-cdcl"
  solver-version = 1
